
Microsoft Visual Studio Solution File, Format Version 12.00
# Visual Studio 15
VisualStudioVersion = 15.0.27703.2026
MinimumVisualStudioVersion = 10.0.40219.1
Project("{FAE04EC0-301F-11D3-BF4B-00C04F79EFBC}") = "Event_Manager", "PrimeHolding\Event_Manager.csproj", "{4526D1D1-D552-4481-B32B-1A25339A360B}"
EndProject
Project("{FAE04EC0-301F-11D3-BF4B-00C04F79EFBC}") = "Event_Manager_DB", "Event_Manager_DB\Event_Manager_DB.csproj", "{8F7CD81D-6683-4794-9F5D-B35695F257C0}"
EndProject
Project("{FAE04EC0-301F-11D3-BF4B-00C04F79EFBC}") = "Event_Manager_DataAccess", "Event_Manager_DataAccess\Event_Manager_DataAccess.csproj", "{9DDC562B-83E3-4E6F-AA30-86E87AAE166F}"
EndProject
Global
	GlobalSection(SolutionConfigurationPlatforms) = preSolution
		Debug|Any CPU = Debug|Any CPU
		Release|Any CPU = Release|Any CPU
	EndGlobalSection
	GlobalSection(ProjectConfigurationPlatforms) = postSolution
		{4526D1D1-D552-4481-B32B-1A25339A360B}.Debug|Any CPU.ActiveCfg = Debug|Any CPU
		{4526D1D1-D552-4481-B32B-1A25339A360B}.Debug|Any CPU.Build.0 = Debug|Any CPU
		{4526D1D1-D552-4481-B32B-1A25339A360B}.Release|Any CPU.ActiveCfg = Release|Any CPU
		{4526D1D1-D552-4481-B32B-1A25339A360B}.Release|Any CPU.Build.0 = Release|Any CPU
		{8F7CD81D-6683-4794-9F5D-B35695F257C0}.Debug|Any CPU.ActiveCfg = Debug|Any CPU
		{8F7CD81D-6683-4794-9F5D-B35695F257C0}.Debug|Any CPU.Build.0 = Debug|Any CPU
		{8F7CD81D-6683-4794-9F5D-B35695F257C0}.Release|Any CPU.ActiveCfg = Release|Any CPU
		{8F7CD81D-6683-4794-9F5D-B35695F257C0}.Release|Any CPU.Build.0 = Release|Any CPU
		{9DDC562B-83E3-4E6F-AA30-86E87AAE166F}.Debug|Any CPU.ActiveCfg = Debug|Any CPU
		{9DDC562B-83E3-4E6F-AA30-86E87AAE166F}.Debug|Any CPU.Build.0 = Debug|Any CPU
		{9DDC562B-83E3-4E6F-AA30-86E87AAE166F}.Release|Any CPU.ActiveCfg = Release|Any CPU
		{9DDC562B-83E3-4E6F-AA30-86E87AAE166F}.Release|Any CPU.Build.0 = Release|Any CPU
	EndGlobalSection
	GlobalSection(SolutionProperties) = preSolution
		HideSolutionNode = FALSE
	EndGlobalSection
	GlobalSection(ExtensibilityGlobals) = postSolution
		SolutionGuid = {E6520CB3-1CFB-4789-AD28-4707F0C40EFE}
	EndGlobalSection
EndGlobal
